
Microsoft Visual Studio Solution File, Format Version 12.00
# Visual Studio 14
VisualStudioVersion = 14.0.25420.1
MinimumVisualStudioVersion = 10.0.40219.1
Project("{FAE04EC0-301F-11D3-BF4B-00C04F79EFBC}") = "Colaautomat", "Colaautomat\Colaautomat.csproj", "{BB109C18-D810-4159-B048-8A0740F386B8}"
EndProject
Project("{FAE04EC0-301F-11D3-BF4B-00C04F79EFBC}") = "ModelTests", "ModelTests\ModelTests.csproj", "{8C597D5F-33E6-43B9-A4D4-0ED30BB6269B}"
EndProject
Project("{FAE04EC0-301F-11D3-BF4B-00C04F79EFBC}") = "Colaautomat.Core", "Colaautomat.Core\Colaautomat.Core.csproj", "{2BBC2E17-9B7D-4C19-A8D9-64778F827A2D}"
EndProject
Project("{FAE04EC0-301F-11D3-BF4B-00C04F79EFBC}") = "Colaautomat.JoystickExtension", "Colaautomat.JoystickExtension\Colaautomat.JoystickExtension.csproj", "{2A9D4934-718F-4F68-ACAC-303EE88CDCC4}"
EndProject
Global
	GlobalSection(SolutionConfigurationPlatforms) = preSolution
		Debug|Any CPU = Debug|Any CPU
		Release|Any CPU = Release|Any CPU
	EndGlobalSection
	GlobalSection(ProjectConfigurationPlatforms) = postSolution
		{BB109C18-D810-4159-B048-8A0740F386B8}.Debug|Any CPU.ActiveCfg = Debug|Any CPU
		{BB109C18-D810-4159-B048-8A0740F386B8}.Debug|Any CPU.Build.0 = Debug|Any CPU
		{BB109C18-D810-4159-B048-8A0740F386B8}.Release|Any CPU.ActiveCfg = Release|Any CPU
		{BB109C18-D810-4159-B048-8A0740F386B8}.Release|Any CPU.Build.0 = Release|Any CPU
		{8C597D5F-33E6-43B9-A4D4-0ED30BB6269B}.Debug|Any CPU.ActiveCfg = Debug|Any CPU
		{8C597D5F-33E6-43B9-A4D4-0ED30BB6269B}.Debug|Any CPU.Build.0 = Debug|Any CPU
		{8C597D5F-33E6-43B9-A4D4-0ED30BB6269B}.Release|Any CPU.ActiveCfg = Release|Any CPU
		{8C597D5F-33E6-43B9-A4D4-0ED30BB6269B}.Release|Any CPU.Build.0 = Release|Any CPU
		{2BBC2E17-9B7D-4C19-A8D9-64778F827A2D}.Debug|Any CPU.ActiveCfg = Debug|Any CPU
		{2BBC2E17-9B7D-4C19-A8D9-64778F827A2D}.Debug|Any CPU.Build.0 = Debug|Any CPU
		{2BBC2E17-9B7D-4C19-A8D9-64778F827A2D}.Release|Any CPU.ActiveCfg = Release|Any CPU
		{2BBC2E17-9B7D-4C19-A8D9-64778F827A2D}.Release|Any CPU.Build.0 = Release|Any CPU
		{2A9D4934-718F-4F68-ACAC-303EE88CDCC4}.Debug|Any CPU.ActiveCfg = Debug|Any CPU
		{2A9D4934-718F-4F68-ACAC-303EE88CDCC4}.Debug|Any CPU.Build.0 = Debug|Any CPU
		{2A9D4934-718F-4F68-ACAC-303EE88CDCC4}.Release|Any CPU.ActiveCfg = Release|Any CPU
		{2A9D4934-718F-4F68-ACAC-303EE88CDCC4}.Release|Any CPU.Build.0 = Release|Any CPU
	EndGlobalSection
	GlobalSection(SolutionProperties) = preSolution
		HideSolutionNode = FALSE
	EndGlobalSection
EndGlobal
